<?xml version="1.0" encoding="utf-8"?>
<Project ToolsVersion="4.0" xmlns="http://schemas.microsoft.com/developer/msbuild/2003">
  <ItemGroup>
    <Filter Include="source">
      <UniqueIdentifier>{4FC737F1-C7A5-4376-A066-2A32D752A2FF}</UniqueIdentifier>
      <Extensions>cpp;c;cc;cxx;def;odl;idl;hpj;bat;asm;asmx</Extensions>
    </Filter>
    <Filter Include="include">
      <UniqueIdentifier>{93995380-89BD-4b04-88EB-625FBE52EBFB}</UniqueIdentifier>
      <Extensions>h;hh;hpp;hxx;hm;inl;inc;xsd</Extensions>
    </Filter>
    <Filter Include="source\plugins">
      <UniqueIdentifier>{c54adfad-d8d5-4c59-8174-6cdc5f45fe7c}</UniqueIdentifier>
    </Filter>
    <Filter Include="include\plugins">
      <UniqueIdentifier>{14b6de9c-7eb9-49ce-a18e-ac2dcb68e0db}</UniqueIdentifier>
    </Filter>
    <Filter Include="shaders">
      <UniqueIdentifier>{7e73581f-5843-4238-aafc-9182fb93ae80}</UniqueIdentifier>
    </Filter>
  </ItemGroup>
  <ItemGroup>
    <ClInclude Include="..\..\include\sandbox\sandbox.hpp">
      <Filter>include</Filter>
    </ClInclude>
    <ClInclude Include="..\..\include\sandbox\voxelization.hpp">
      <Filter>include\plugins</Filter>
    </ClInclude>
    <ClInclude Include="..\..\include\sandbox\plugin.hpp">
      <Filter>include</Filter>
    </ClInclude>
  </ItemGroup>
  <ItemGroup>
    <ClCompile Include="..\..\source\sandbox\sandbox.cpp">
      <Filter>source</Filter>
    </ClCompile>
    <ClCompile Include="..\..\source\sandbox\voxelization.cpp">
      <Filter>source\plugins</Filter>
    </ClCompile>
  </ItemGroup>
  <ItemGroup>
    <FxCompile Include="..\..\shaders\sparse_octree_mark_cs.hlsl">
      <Filter>shaders</Filter>
    </FxCompile>
    <FxCompile Include="..\..\shaders\sparse_octree_allocate.hlsl">
      <Filter>shaders</Filter>
    </FxCompile>
    <FxCompile Include="..\..\shaders\sparse_octree_clear.hlsl">
      <Filter>shaders</Filter>
    </FxCompile>
  </ItemGroup>
</Project>