<?xml version="1.0" encoding="utf-8"?>
<Project ToolsVersion="4.0" xmlns="http://schemas.microsoft.com/developer/msbuild/2003">
  <ItemGroup>
    <Filter Include="include">
      <UniqueIdentifier>{93995380-89BD-4b04-88EB-625FBE52EBFB}</UniqueIdentifier>
      <Extensions>h;hpp;hxx;hm;inl;inc;xsd</Extensions>
    </Filter>
    <Filter Include="source">
      <UniqueIdentifier>{4FC737F1-C7A5-4376-A066-2A32D752A2FF}</UniqueIdentifier>
      <Extensions>cpp;c;cc;cxx;def;odl;idl;hpj;bat;asm;asmx</Extensions>
    </Filter>
    <Filter Include="shaders">
      <UniqueIdentifier>{69726e24-bf27-40cc-88f6-f6f41ad69449}</UniqueIdentifier>
    </Filter>
    <Filter Include="include\shiny">
      <UniqueIdentifier>{0765283e-e4b3-488e-9908-c8c02ee3dec1}</UniqueIdentifier>
    </Filter>
    <Filter Include="include\shiny\platform">
      <UniqueIdentifier>{4328ccf7-da32-4577-8d54-d83deb61c71f}</UniqueIdentifier>
    </Filter>
    <Filter Include="include\shiny\platform\win32">
      <UniqueIdentifier>{d04ba51c-92e4-49af-9871-fa6333127067}</UniqueIdentifier>
    </Filter>
    <Filter Include="vendor">
      <UniqueIdentifier>{41b55faa-94eb-4ff9-9c11-b03b9b3cf483}</UniqueIdentifier>
    </Filter>
    <Filter Include="vendor\zlib">
      <UniqueIdentifier>{e98436a5-640f-4186-96dd-4a7572289df1}</UniqueIdentifier>
    </Filter>
    <Filter Include="source\shiny">
      <UniqueIdentifier>{14079420-de18-4597-80fe-c99aa0f42f3f}</UniqueIdentifier>
    </Filter>
    <Filter Include="source\shiny\platform">
      <UniqueIdentifier>{12a41398-3e52-463b-9511-7b7d7694b954}</UniqueIdentifier>
    </Filter>
    <Filter Include="source\shiny\platform\win32">
      <UniqueIdentifier>{37dcddbd-688b-4d43-b54b-6a7f2c8fc705}</UniqueIdentifier>
    </Filter>
    <Filter Include="include\pepper">
      <UniqueIdentifier>{a7317f47-27e6-41e4-97b6-1e032791b321}</UniqueIdentifier>
    </Filter>
    <Filter Include="source\pepper">
      <UniqueIdentifier>{18e8745c-d8b7-420f-9b42-690bef13824c}</UniqueIdentifier>
    </Filter>
  </ItemGroup>
  <ItemGroup>
    <ClCompile Include="..\..\source\shiny\platform\win32\runtime.cpp">
      <Filter>source\shiny\platform\win32</Filter>
    </ClCompile>
    <ClCompile Include="..\..\source\shiny\platform\win32\output.cpp">
      <Filter>source\shiny\platform\win32</Filter>
    </ClCompile>
    <ClCompile Include="..\..\source\shiny\platform\win32\context.cpp">
      <Filter>source\shiny\platform\win32</Filter>
    </ClCompile>
    <ClCompile Include="..\..\source\shiny\platform\win32\vertex_buffer.cpp">
      <Filter>source\shiny\platform\win32</Filter>
    </ClCompile>
    <ClCompile Include="..\..\source\shiny\platform\win32\vertex_shader.cpp">
      <Filter>source\shiny\platform\win32</Filter>
    </ClCompile>
    <ClCompile Include="..\..\source\shiny\platform\win32\constant_buffer.cpp">
      <Filter>source\shiny\platform\win32</Filter>
    </ClCompile>
    <ClCompile Include="..\..\source\shiny\platform\win32\index_buffer.cpp">
      <Filter>source\shiny\platform\win32</Filter>
    </ClCompile>
    <ClCompile Include="..\..\source\shiny\platform\win32\texture2d.cpp">
      <Filter>source\shiny\platform\win32</Filter>
    </ClCompile>
    <ClCompile Include="..\..\source\shiny\platform\win32\texture3d.cpp">
      <Filter>source\shiny\platform\win32</Filter>
    </ClCompile>
    <ClCompile Include="..\..\source\shiny\platform\win32\compute_shader.cpp">
      <Filter>source\shiny\platform\win32</Filter>
    </ClCompile>
    <ClCompile Include="..\..\source\shiny\platform\win32\buffer.cpp">
      <Filter>source\shiny\platform\win32</Filter>
    </ClCompile>
    <ClCompile Include="..\..\vendor\zlib\adler32.c">
      <Filter>vendor\zlib</Filter>
    </ClCompile>
    <ClCompile Include="..\..\vendor\zlib\compress.c">
      <Filter>vendor\zlib</Filter>
    </ClCompile>
    <ClCompile Include="..\..\vendor\zlib\crc32.c">
      <Filter>vendor\zlib</Filter>
    </ClCompile>
    <ClCompile Include="..\..\vendor\zlib\deflate.c">
      <Filter>vendor\zlib</Filter>
    </ClCompile>
    <ClCompile Include="..\..\vendor\zlib\gzclose.c">
      <Filter>vendor\zlib</Filter>
    </ClCompile>
    <ClCompile Include="..\..\vendor\zlib\gzlib.c">
      <Filter>vendor\zlib</Filter>
    </ClCompile>
    <ClCompile Include="..\..\vendor\zlib\gzread.c">
      <Filter>vendor\zlib</Filter>
    </ClCompile>
    <ClCompile Include="..\..\vendor\zlib\gzwrite.c">
      <Filter>vendor\zlib</Filter>
    </ClCompile>
    <ClCompile Include="..\..\vendor\zlib\infback.c">
      <Filter>vendor\zlib</Filter>
    </ClCompile>
    <ClCompile Include="..\..\vendor\zlib\inffast.c">
      <Filter>vendor\zlib</Filter>
    </ClCompile>
    <ClCompile Include="..\..\vendor\zlib\inflate.c">
      <Filter>vendor\zlib</Filter>
    </ClCompile>
    <ClCompile Include="..\..\vendor\zlib\inftrees.c">
      <Filter>vendor\zlib</Filter>
    </ClCompile>
    <ClCompile Include="..\..\vendor\zlib\trees.c">
      <Filter>vendor\zlib</Filter>
    </ClCompile>
    <ClCompile Include="..\..\vendor\zlib\uncompr.c">
      <Filter>vendor\zlib</Filter>
    </ClCompile>
    <ClCompile Include="..\..\vendor\zlib\zutil.c">
      <Filter>vendor\zlib</Filter>
    </ClCompile>
    <ClCompile Include="..\..\source\shiny\platform\win32\generic_buffer.cpp">
      <Filter>source\shiny\platform\win32</Filter>
    </ClCompile>
    <ClCompile Include="..\..\source\shiny\platform\win32\resource.cpp">
      <Filter>source\shiny\platform\win32</Filter>
    </ClCompile>
    <ClCompile Include="..\..\source\shiny\platform\win32\fragment_shader.cpp">
      <Filter>source\shiny\platform\win32</Filter>
    </ClCompile>
    <ClCompile Include="..\..\source\shiny\platform\win32\geometry_shader.cpp">
      <Filter>source\shiny\platform\win32</Filter>
    </ClCompile>
    <ClCompile Include="..\..\source\shiny\camera.cpp">
      <Filter>source\shiny</Filter>
    </ClCompile>
    <ClCompile Include="..\..\source\shiny\scene.cpp">
      <Filter>source\shiny</Filter>
    </ClCompile>
    <ClCompile Include="..\..\source\pepper\freelook_camera_controller.cpp">
      <Filter>source\pepper</Filter>
    </ClCompile>
    <ClCompile Include="..\..\source\shiny\data_stream.cpp">
      <Filter>source\shiny</Filter>
    </ClCompile>
    <ClCompile Include="..\..\source\shiny\data_declaration.cpp">
      <Filter>source\shiny</Filter>
    </ClCompile>
    <ClCompile Include="..\..\source\shiny\draw.cpp">
      <Filter>source\shiny</Filter>
    </ClCompile>
    <ClCompile Include="..\..\source\shiny\platform\win32\resource_view.cpp">
      <Filter>source\shiny\platform\win32</Filter>
    </ClCompile>
    <ClCompile Include="..\..\source\shiny\compute.cpp">
      <Filter>source\shiny</Filter>
    </ClCompile>
    <ClCompile Include="..\..\source\shiny\function.cpp">
      <Filter>source</Filter>
    </ClCompile>
    <ClCompile Include="..\..\source\shiny\platform\win32\render_target_view.cpp">
      <Filter>source\shiny\platform\win32</Filter>
    </ClCompile>
    <ClCompile Include="..\..\source\shiny\platform\win32\depth_stencil_view.cpp">
      <Filter>source\shiny\platform\win32</Filter>
    </ClCompile>
    <ClCompile Include="..\..\source\shiny\draw_target.cpp">
      <Filter>source\shiny</Filter>
    </ClCompile>
    <ClCompile Include="..\..\source\shiny\format.cpp">
      <Filter>source\shiny</Filter>
    </ClCompile>
  </ItemGroup>
  <ItemGroup>
    <ClInclude Include="..\..\include\shiny\context.hpp">
      <Filter>include\shiny</Filter>
    </ClInclude>
    <ClInclude Include="..\..\include\shiny\lock.hpp">
      <Filter>include\shiny</Filter>
    </ClInclude>
    <ClInclude Include="..\..\include\shiny\vertex_buffer.hpp">
      <Filter>include\shiny</Filter>
    </ClInclude>
    <ClInclude Include="..\..\include\shiny\output.hpp">
      <Filter>include\shiny</Filter>
    </ClInclude>
    <ClInclude Include="..\..\include\shiny\platform\win32\output.hpp">
      <Filter>include\shiny\platform\win32</Filter>
    </ClInclude>
    <ClInclude Include="..\..\include\shiny\platform\win32\dxgi_fwd.hpp">
      <Filter>include\shiny\platform\win32</Filter>
    </ClInclude>
    <ClInclude Include="..\..\include\shiny\platform\win32\d3d_fwd.hpp">
      <Filter>include\shiny\platform\win32</Filter>
    </ClInclude>
    <ClInclude Include="..\..\include\shiny\runtime.hpp">
      <Filter>include\shiny</Filter>
    </ClInclude>
    <ClInclude Include="..\..\include\shiny\platform\win32\runtime.hpp">
      <Filter>include\shiny\platform\win32</Filter>
    </ClInclude>
    <ClInclude Include="..\..\include\shiny\platform\win32\context.hpp">
      <Filter>include\shiny\platform\win32</Filter>
    </ClInclude>
    <ClInclude Include="..\..\include\shiny\platform\win32\adapter.hpp">
      <Filter>include\shiny\platform\win32</Filter>
    </ClInclude>
    <ClInclude Include="..\..\include\shiny\adapter.hpp">
      <Filter>include\shiny</Filter>
    </ClInclude>
    <ClInclude Include="..\..\include\shiny\vertex_shader.hpp">
      <Filter>include\shiny</Filter>
    </ClInclude>
    <ClInclude Include="..\..\include\shiny\platform\win32\vertex_shader.hpp">
      <Filter>include\shiny\platform\win32</Filter>
    </ClInclude>
    <ClInclude Include="..\..\include\shiny\platform\win32\vertex_buffer.hpp">
      <Filter>include\shiny\platform\win32</Filter>
    </ClInclude>
    <ClInclude Include="..\..\include\shiny\constant_buffer.hpp">
      <Filter>include\shiny</Filter>
    </ClInclude>
    <ClInclude Include="..\..\include\shiny\platform\win32\constant_buffer.hpp">
      <Filter>include\shiny\platform\win32</Filter>
    </ClInclude>
    <ClInclude Include="..\..\include\shiny\platform\win32\index_buffer.hpp">
      <Filter>include\shiny\platform\win32</Filter>
    </ClInclude>
    <ClInclude Include="..\..\include\shiny\index_buffer.hpp">
      <Filter>include\shiny</Filter>
    </ClInclude>
    <ClInclude Include="..\..\include\shiny\camera.hpp">
      <Filter>include\shiny</Filter>
    </ClInclude>
    <ClInclude Include="..\..\include\shiny\scene.hpp">
      <Filter>include\shiny</Filter>
    </ClInclude>
    <ClInclude Include="..\..\include\shiny\platform\win32\texture2d.hpp">
      <Filter>include\shiny\platform\win32</Filter>
    </ClInclude>
    <ClInclude Include="..\..\include\shiny\texture2d.hpp">
      <Filter>include\shiny</Filter>
    </ClInclude>
    <ClInclude Include="..\..\include\shiny\texture3d.hpp">
      <Filter>include\shiny</Filter>
    </ClInclude>
    <ClInclude Include="..\..\include\shiny\platform\win32\texture3d.hpp">
      <Filter>include\shiny\platform\win32</Filter>
    </ClInclude>
    <ClInclude Include="..\..\include\shiny\platform\win32\compute_shader.hpp">
      <Filter>include\shiny\platform\win32</Filter>
    </ClInclude>
    <ClInclude Include="..\..\include\shiny\compute_shader.hpp">
      <Filter>include\shiny</Filter>
    </ClInclude>
    <ClInclude Include="..\..\include\shiny\platform\win32\buffer.hpp">
      <Filter>include\shiny\platform\win32</Filter>
    </ClInclude>
    <ClInclude Include="..\..\include\shiny\buffer.hpp">
      <Filter>include\shiny</Filter>
    </ClInclude>
    <ClInclude Include="..\..\include\shiny\platform\win32\resource.hpp">
      <Filter>include\shiny\platform\win32</Filter>
    </ClInclude>
    <ClInclude Include="..\..\include\shiny\resource.hpp">
      <Filter>include\shiny</Filter>
    </ClInclude>
    <ClInclude Include="..\..\vendor\zlib\deflate.h">
      <Filter>vendor\zlib</Filter>
    </ClInclude>
    <ClInclude Include="..\..\vendor\zlib\inffast.h">
      <Filter>vendor\zlib</Filter>
    </ClInclude>
    <ClInclude Include="..\..\vendor\zlib\inftrees.h">
      <Filter>vendor\zlib</Filter>
    </ClInclude>
    <ClInclude Include="..\..\vendor\zlib\zconf.h">
      <Filter>vendor\zlib</Filter>
    </ClInclude>
    <ClInclude Include="..\..\vendor\zlib\zlib.h">
      <Filter>vendor\zlib</Filter>
    </ClInclude>
    <ClInclude Include="..\..\vendor\zlib\zutil.h">
      <Filter>vendor\zlib</Filter>
    </ClInclude>
    <ClInclude Include="..\..\include\shiny\platform\win32\dxgid3d_convert.hpp">
      <Filter>include\shiny\platform\win32</Filter>
    </ClInclude>
    <ClInclude Include="..\..\include\shiny\platform\win32\generic_buffer.hpp">
      <Filter>include\shiny\platform\win32</Filter>
    </ClInclude>
    <ClInclude Include="..\..\include\shiny\generic_buffer.hpp">
      <Filter>include\shiny</Filter>
    </ClInclude>
    <ClInclude Include="..\..\include\shiny\platform\win32\fragment_shader.hpp">
      <Filter>include\shiny\platform\win32</Filter>
    </ClInclude>
    <ClInclude Include="..\..\include\shiny\fragment_shader.hpp">
      <Filter>include\shiny</Filter>
    </ClInclude>
    <ClInclude Include="..\..\include\shiny\platform\win32\geometry_shader.hpp">
      <Filter>include\shiny\platform\win32</Filter>
    </ClInclude>
    <ClInclude Include="..\..\include\shiny\geometry_declaration.hpp">
      <Filter>include\shiny</Filter>
    </ClInclude>
    <ClInclude Include="..\..\include\shiny\geometry_shader.hpp">
      <Filter>include\shiny</Filter>
    </ClInclude>
    <ClInclude Include="..\..\include\shiny\platform\win32\blender.hpp">
      <Filter>include\shiny\platform\win32</Filter>
    </ClInclude>
    <ClInclude Include="..\..\include\shiny\blend_state.hpp">
      <Filter>include\shiny</Filter>
    </ClInclude>
    <ClInclude Include="..\..\include\pepper\freelook_camera_controller.hpp">
      <Filter>include\pepper</Filter>
    </ClInclude>
    <ClInclude Include="..\..\include\shiny\data_stream.hpp">
      <Filter>include\shiny</Filter>
    </ClInclude>
    <ClInclude Include="..\..\include\shiny\data_declaration.hpp">
      <Filter>include\shiny</Filter>
    </ClInclude>
    <ClInclude Include="..\..\include\shiny\shiny_fwd.hpp">
      <Filter>include\shiny</Filter>
    </ClInclude>
    <ClInclude Include="..\..\include\shiny\draw.hpp">
      <Filter>include\shiny</Filter>
    </ClInclude>
    <ClInclude Include="..\..\include\shiny\rendertarget_clear.hpp">
      <Filter>include\shiny</Filter>
    </ClInclude>
    <ClInclude Include="..\..\include\shiny\platform\win32\resource_view.hpp">
      <Filter>include\shiny\platform\win32</Filter>
    </ClInclude>
    <ClInclude Include="..\..\include\shiny\resource_view.hpp">
      <Filter>include\shiny</Filter>
    </ClInclude>
    <ClInclude Include="..\..\include\shiny\platform\win32\structured_buffer.hpp">
      <Filter>include\shiny\platform\win32</Filter>
    </ClInclude>
    <ClInclude Include="..\..\include\shiny\compute.hpp">
      <Filter>include\shiny</Filter>
    </ClInclude>
    <ClInclude Include="..\..\include\shiny\depth_state.hpp">
      <Filter>include\shiny</Filter>
    </ClInclude>
    <ClInclude Include="..\..\include\shiny\draw_target.hpp">
      <Filter>include\shiny</Filter>
    </ClInclude>
    <ClInclude Include="..\..\include\shiny\platform\win32\render_target_view.hpp">
      <Filter>include\shiny\platform\win32</Filter>
    </ClInclude>
    <ClInclude Include="..\..\include\shiny\render_target_view.hpp">
      <Filter>include\shiny</Filter>
    </ClInclude>
    <ClInclude Include="..\..\include\shiny\depth_stencil_view.hpp">
      <Filter>include\shiny</Filter>
    </ClInclude>
    <ClInclude Include="..\..\include\shiny\platform\win32\depth_stencil_view.hpp">
      <Filter>include\shiny\platform\win32</Filter>
    </ClInclude>
    <ClInclude Include="..\..\include\shiny\format.hpp">
      <Filter>include\shiny</Filter>
    </ClInclude>
  </ItemGroup>
  <ItemGroup>
    <FxCompile Include="..\..\shaders\cs_test.hlsl">
      <Filter>shaders</Filter>
    </FxCompile>
    <FxCompile Include="..\..\shaders\ps_basic.hlsl">
      <Filter>shaders</Filter>
    </FxCompile>
    <FxCompile Include="..\..\shaders\ps_voxels.hlsl">
      <Filter>shaders</Filter>
    </FxCompile>
    <FxCompile Include="..\..\shaders\vs_basic.hlsl">
      <Filter>shaders</Filter>
    </FxCompile>
    <FxCompile Include="..\..\shaders\vs_voxels.hlsl">
      <Filter>shaders</Filter>
    </FxCompile>
    <FxCompile Include="..\..\shaders\ps_debug.hlsl">
      <Filter>shaders</Filter>
    </FxCompile>
    <FxCompile Include="..\..\shaders\vs_debug.hlsl">
      <Filter>shaders</Filter>
    </FxCompile>
    <FxCompile Include="..\..\shaders\gs_normal.hlsl">
      <Filter>shaders</Filter>
    </FxCompile>
    <FxCompile Include="..\..\shaders\gs_voxelization.hlsl">
      <Filter>shaders</Filter>
    </FxCompile>
    <FxCompile Include="..\..\shaders\vs_voxelize.hlsl">
      <Filter>shaders</Filter>
    </FxCompile>
    <FxCompile Include="..\..\shaders\fs_voxelize.hlsl">
      <Filter>shaders</Filter>
    </FxCompile>
  </ItemGroup>
  <ItemGroup>
    <None Include="..\..\.gitignore" />
  </ItemGroup>
</Project>