
Microsoft Visual Studio Solution File, Format Version 12.00
# Visual Studio 15
VisualStudioVersion = 15.0.26430.12
MinimumVisualStudioVersion = 10.0.40219.1
Project("{8BC9CEB8-8B4A-11D0-8D11-00A0C91BC942}") = "fooey", "..\..\fooey\project\fooey.vcxproj", "{82B83F8F-A8CF-4720-9ABD-F08682C1C325}"
	ProjectSection(ProjectDependencies) = postProject
		{3301E1FA-9F23-43C6-A5E1-183204867D44} = {3301E1FA-9F23-43C6-A5E1-183204867D44}
	EndProjectSection
EndProject
Project("{8BC9CEB8-8B4A-11D0-8D11-00A0C91BC942}") = "shiny", "shiny\shiny.vcxproj", "{8E03B685-D9CE-45BF-8597-E7EF57E62B8D}"
	ProjectSection(ProjectDependencies) = postProject
		{82B83F8F-A8CF-4720-9ABD-F08682C1C325} = {82B83F8F-A8CF-4720-9ABD-F08682C1C325}
		{3301E1FA-9F23-43C6-A5E1-183204867D44} = {3301E1FA-9F23-43C6-A5E1-183204867D44}
	EndProjectSection
EndProject
Project("{8BC9CEB8-8B4A-11D0-8D11-00A0C91BC942}") = "sandbox", "sandbox\sandbox.vcxproj", "{9E936D3D-E9DD-4FC9-90E8-5F7BFFAA9456}"
	ProjectSection(ProjectDependencies) = postProject
		{86DFA87F-4570-47F6-9C4C-6C21EFB610B7} = {86DFA87F-4570-47F6-9C4C-6C21EFB610B7}
	EndProjectSection
EndProject
Project("{8BC9CEB8-8B4A-11D0-8D11-00A0C91BC942}") = "moxi", "moxi\moxi.vcxproj", "{F1645233-021F-48A6-8BE7-8BBB552230BE}"
EndProject
Project("{8BC9CEB8-8B4A-11D0-8D11-00A0C91BC942}") = "lion", "lion\lion.vcxproj", "{86DFA87F-4570-47F6-9C4C-6C21EFB610B7}"
EndProject
Project("{8BC9CEB8-8B4A-11D0-8D11-00A0C91BC942}") = "atma", "..\..\atma\project\atma\atma.vcxproj", "{3301E1FA-9F23-43C6-A5E1-183204867D44}"
EndProject
Project("{8BC9CEB8-8B4A-11D0-8D11-00A0C91BC942}") = "atma_test", "..\..\atma\project\atma_test\atma_test.vcxproj", "{AD2E1D66-97F7-4E55-8277-0FAFA8B4CB0F}"
	ProjectSection(ProjectDependencies) = postProject
		{3301E1FA-9F23-43C6-A5E1-183204867D44} = {3301E1FA-9F23-43C6-A5E1-183204867D44}
	EndProjectSection
EndProject
Project("{8BC9CEB8-8B4A-11D0-8D11-00A0C91BC942}") = "rose", "..\..\atma\project\rose\rose.vcxproj", "{58B3D2C1-0AB1-48CF-8B47-60DC3FC9ADB6}"
EndProject
Global
	GlobalSection(SolutionConfigurationPlatforms) = preSolution
		Development|ARM = Development|ARM
		Development|Mixed Platforms = Development|Mixed Platforms
		Development|Win32 = Development|Win32
		Development|x64 = Development|x64
		Distribution|ARM = Distribution|ARM
		Distribution|Mixed Platforms = Distribution|Mixed Platforms
		Distribution|Win32 = Distribution|Win32
		Distribution|x64 = Distribution|x64
		Profiling|ARM = Profiling|ARM
		Profiling|Mixed Platforms = Profiling|Mixed Platforms
		Profiling|Win32 = Profiling|Win32
		Profiling|x64 = Profiling|x64
	EndGlobalSection
	GlobalSection(ProjectConfigurationPlatforms) = postSolution
		{82B83F8F-A8CF-4720-9ABD-F08682C1C325}.Development|ARM.ActiveCfg = Development|x64
		{82B83F8F-A8CF-4720-9ABD-F08682C1C325}.Development|Mixed Platforms.ActiveCfg = Development|x64
		{82B83F8F-A8CF-4720-9ABD-F08682C1C325}.Development|Mixed Platforms.Build.0 = Development|x64
		{82B83F8F-A8CF-4720-9ABD-F08682C1C325}.Development|Win32.ActiveCfg = Development|x64
		{82B83F8F-A8CF-4720-9ABD-F08682C1C325}.Development|x64.ActiveCfg = Development|x64
		{82B83F8F-A8CF-4720-9ABD-F08682C1C325}.Development|x64.Build.0 = Development|x64
		{82B83F8F-A8CF-4720-9ABD-F08682C1C325}.Distribution|ARM.ActiveCfg = Distribution|x64
		{82B83F8F-A8CF-4720-9ABD-F08682C1C325}.Distribution|Mixed Platforms.ActiveCfg = Distribution|x64
		{82B83F8F-A8CF-4720-9ABD-F08682C1C325}.Distribution|Mixed Platforms.Build.0 = Distribution|x64
		{82B83F8F-A8CF-4720-9ABD-F08682C1C325}.Distribution|Win32.ActiveCfg = Distribution|x64
		{82B83F8F-A8CF-4720-9ABD-F08682C1C325}.Distribution|x64.ActiveCfg = Distribution|x64
		{82B83F8F-A8CF-4720-9ABD-F08682C1C325}.Distribution|x64.Build.0 = Distribution|x64
		{82B83F8F-A8CF-4720-9ABD-F08682C1C325}.Profiling|ARM.ActiveCfg = Distribution|x64
		{82B83F8F-A8CF-4720-9ABD-F08682C1C325}.Profiling|ARM.Build.0 = Distribution|x64
		{82B83F8F-A8CF-4720-9ABD-F08682C1C325}.Profiling|Mixed Platforms.ActiveCfg = Distribution|x64
		{82B83F8F-A8CF-4720-9ABD-F08682C1C325}.Profiling|Mixed Platforms.Build.0 = Distribution|x64
		{82B83F8F-A8CF-4720-9ABD-F08682C1C325}.Profiling|Win32.ActiveCfg = Distribution|x64
		{82B83F8F-A8CF-4720-9ABD-F08682C1C325}.Profiling|Win32.Build.0 = Distribution|x64
		{82B83F8F-A8CF-4720-9ABD-F08682C1C325}.Profiling|x64.ActiveCfg = Distribution|x64
		{82B83F8F-A8CF-4720-9ABD-F08682C1C325}.Profiling|x64.Build.0 = Distribution|x64
		{8E03B685-D9CE-45BF-8597-E7EF57E62B8D}.Development|ARM.ActiveCfg = Development|x64
		{8E03B685-D9CE-45BF-8597-E7EF57E62B8D}.Development|Mixed Platforms.ActiveCfg = Development|x64
		{8E03B685-D9CE-45BF-8597-E7EF57E62B8D}.Development|Mixed Platforms.Build.0 = Development|x64
		{8E03B685-D9CE-45BF-8597-E7EF57E62B8D}.Development|Win32.ActiveCfg = Development|x64
		{8E03B685-D9CE-45BF-8597-E7EF57E62B8D}.Development|x64.ActiveCfg = Development|x64
		{8E03B685-D9CE-45BF-8597-E7EF57E62B8D}.Development|x64.Build.0 = Development|x64
		{8E03B685-D9CE-45BF-8597-E7EF57E62B8D}.Distribution|ARM.ActiveCfg = Distribution|x64
		{8E03B685-D9CE-45BF-8597-E7EF57E62B8D}.Distribution|Mixed Platforms.ActiveCfg = Distribution|x64
		{8E03B685-D9CE-45BF-8597-E7EF57E62B8D}.Distribution|Mixed Platforms.Build.0 = Distribution|x64
		{8E03B685-D9CE-45BF-8597-E7EF57E62B8D}.Distribution|Win32.ActiveCfg = Distribution|x64
		{8E03B685-D9CE-45BF-8597-E7EF57E62B8D}.Distribution|x64.ActiveCfg = Distribution|x64
		{8E03B685-D9CE-45BF-8597-E7EF57E62B8D}.Distribution|x64.Build.0 = Distribution|x64
		{8E03B685-D9CE-45BF-8597-E7EF57E62B8D}.Profiling|ARM.ActiveCfg = Distribution|x64
		{8E03B685-D9CE-45BF-8597-E7EF57E62B8D}.Profiling|ARM.Build.0 = Distribution|x64
		{8E03B685-D9CE-45BF-8597-E7EF57E62B8D}.Profiling|Mixed Platforms.ActiveCfg = Distribution|x64
		{8E03B685-D9CE-45BF-8597-E7EF57E62B8D}.Profiling|Mixed Platforms.Build.0 = Distribution|x64
		{8E03B685-D9CE-45BF-8597-E7EF57E62B8D}.Profiling|Win32.ActiveCfg = Distribution|x64
		{8E03B685-D9CE-45BF-8597-E7EF57E62B8D}.Profiling|Win32.Build.0 = Distribution|x64
		{8E03B685-D9CE-45BF-8597-E7EF57E62B8D}.Profiling|x64.ActiveCfg = Distribution|x64
		{8E03B685-D9CE-45BF-8597-E7EF57E62B8D}.Profiling|x64.Build.0 = Distribution|x64
		{9E936D3D-E9DD-4FC9-90E8-5F7BFFAA9456}.Development|ARM.ActiveCfg = Development|x64
		{9E936D3D-E9DD-4FC9-90E8-5F7BFFAA9456}.Development|Mixed Platforms.ActiveCfg = Development|x64
		{9E936D3D-E9DD-4FC9-90E8-5F7BFFAA9456}.Development|Mixed Platforms.Build.0 = Development|x64
		{9E936D3D-E9DD-4FC9-90E8-5F7BFFAA9456}.Development|Win32.ActiveCfg = Development|x64
		{9E936D3D-E9DD-4FC9-90E8-5F7BFFAA9456}.Development|x64.ActiveCfg = Development|x64
		{9E936D3D-E9DD-4FC9-90E8-5F7BFFAA9456}.Development|x64.Build.0 = Development|x64
		{9E936D3D-E9DD-4FC9-90E8-5F7BFFAA9456}.Distribution|ARM.ActiveCfg = Distribution|x64
		{9E936D3D-E9DD-4FC9-90E8-5F7BFFAA9456}.Distribution|Mixed Platforms.ActiveCfg = Distribution|x64
		{9E936D3D-E9DD-4FC9-90E8-5F7BFFAA9456}.Distribution|Mixed Platforms.Build.0 = Distribution|x64
		{9E936D3D-E9DD-4FC9-90E8-5F7BFFAA9456}.Distribution|Win32.ActiveCfg = Distribution|x64
		{9E936D3D-E9DD-4FC9-90E8-5F7BFFAA9456}.Distribution|x64.ActiveCfg = Distribution|x64
		{9E936D3D-E9DD-4FC9-90E8-5F7BFFAA9456}.Distribution|x64.Build.0 = Distribution|x64
		{9E936D3D-E9DD-4FC9-90E8-5F7BFFAA9456}.Profiling|ARM.ActiveCfg = Distribution|x64
		{9E936D3D-E9DD-4FC9-90E8-5F7BFFAA9456}.Profiling|ARM.Build.0 = Distribution|x64
		{9E936D3D-E9DD-4FC9-90E8-5F7BFFAA9456}.Profiling|Mixed Platforms.ActiveCfg = Distribution|x64
		{9E936D3D-E9DD-4FC9-90E8-5F7BFFAA9456}.Profiling|Mixed Platforms.Build.0 = Distribution|x64
		{9E936D3D-E9DD-4FC9-90E8-5F7BFFAA9456}.Profiling|Win32.ActiveCfg = Distribution|x64
		{9E936D3D-E9DD-4FC9-90E8-5F7BFFAA9456}.Profiling|Win32.Build.0 = Distribution|x64
		{9E936D3D-E9DD-4FC9-90E8-5F7BFFAA9456}.Profiling|x64.ActiveCfg = Distribution|x64
		{9E936D3D-E9DD-4FC9-90E8-5F7BFFAA9456}.Profiling|x64.Build.0 = Distribution|x64
		{F1645233-021F-48A6-8BE7-8BBB552230BE}.Development|ARM.ActiveCfg = Development|x64
		{F1645233-021F-48A6-8BE7-8BBB552230BE}.Development|Mixed Platforms.ActiveCfg = Development|x64
		{F1645233-021F-48A6-8BE7-8BBB552230BE}.Development|Mixed Platforms.Build.0 = Development|x64
		{F1645233-021F-48A6-8BE7-8BBB552230BE}.Development|Win32.ActiveCfg = Development|x64
		{F1645233-021F-48A6-8BE7-8BBB552230BE}.Development|x64.ActiveCfg = Development|x64
		{F1645233-021F-48A6-8BE7-8BBB552230BE}.Development|x64.Build.0 = Development|x64
		{F1645233-021F-48A6-8BE7-8BBB552230BE}.Distribution|ARM.ActiveCfg = Distribution|x64
		{F1645233-021F-48A6-8BE7-8BBB552230BE}.Distribution|Mixed Platforms.ActiveCfg = Distribution|x64
		{F1645233-021F-48A6-8BE7-8BBB552230BE}.Distribution|Mixed Platforms.Build.0 = Distribution|x64
		{F1645233-021F-48A6-8BE7-8BBB552230BE}.Distribution|Win32.ActiveCfg = Distribution|x64
		{F1645233-021F-48A6-8BE7-8BBB552230BE}.Distribution|x64.ActiveCfg = Distribution|x64
		{F1645233-021F-48A6-8BE7-8BBB552230BE}.Distribution|x64.Build.0 = Distribution|x64
		{F1645233-021F-48A6-8BE7-8BBB552230BE}.Profiling|ARM.ActiveCfg = Distribution|x64
		{F1645233-021F-48A6-8BE7-8BBB552230BE}.Profiling|ARM.Build.0 = Distribution|x64
		{F1645233-021F-48A6-8BE7-8BBB552230BE}.Profiling|Mixed Platforms.ActiveCfg = Distribution|x64
		{F1645233-021F-48A6-8BE7-8BBB552230BE}.Profiling|Mixed Platforms.Build.0 = Distribution|x64
		{F1645233-021F-48A6-8BE7-8BBB552230BE}.Profiling|Win32.ActiveCfg = Distribution|x64
		{F1645233-021F-48A6-8BE7-8BBB552230BE}.Profiling|Win32.Build.0 = Distribution|x64
		{F1645233-021F-48A6-8BE7-8BBB552230BE}.Profiling|x64.ActiveCfg = Distribution|x64
		{F1645233-021F-48A6-8BE7-8BBB552230BE}.Profiling|x64.Build.0 = Distribution|x64
		{86DFA87F-4570-47F6-9C4C-6C21EFB610B7}.Development|ARM.ActiveCfg = Development|x64
		{86DFA87F-4570-47F6-9C4C-6C21EFB610B7}.Development|Mixed Platforms.ActiveCfg = Development|x64
		{86DFA87F-4570-47F6-9C4C-6C21EFB610B7}.Development|Mixed Platforms.Build.0 = Development|x64
		{86DFA87F-4570-47F6-9C4C-6C21EFB610B7}.Development|Win32.ActiveCfg = Development|x64
		{86DFA87F-4570-47F6-9C4C-6C21EFB610B7}.Development|x64.ActiveCfg = Development|x64
		{86DFA87F-4570-47F6-9C4C-6C21EFB610B7}.Development|x64.Build.0 = Development|x64
		{86DFA87F-4570-47F6-9C4C-6C21EFB610B7}.Distribution|ARM.ActiveCfg = Distribution|x64
		{86DFA87F-4570-47F6-9C4C-6C21EFB610B7}.Distribution|Mixed Platforms.ActiveCfg = Distribution|x64
		{86DFA87F-4570-47F6-9C4C-6C21EFB610B7}.Distribution|Mixed Platforms.Build.0 = Distribution|x64
		{86DFA87F-4570-47F6-9C4C-6C21EFB610B7}.Distribution|Win32.ActiveCfg = Distribution|x64
		{86DFA87F-4570-47F6-9C4C-6C21EFB610B7}.Distribution|x64.ActiveCfg = Distribution|x64
		{86DFA87F-4570-47F6-9C4C-6C21EFB610B7}.Distribution|x64.Build.0 = Distribution|x64
		{86DFA87F-4570-47F6-9C4C-6C21EFB610B7}.Profiling|ARM.ActiveCfg = Distribution|x64
		{86DFA87F-4570-47F6-9C4C-6C21EFB610B7}.Profiling|ARM.Build.0 = Distribution|x64
		{86DFA87F-4570-47F6-9C4C-6C21EFB610B7}.Profiling|Mixed Platforms.ActiveCfg = Distribution|x64
		{86DFA87F-4570-47F6-9C4C-6C21EFB610B7}.Profiling|Mixed Platforms.Build.0 = Distribution|x64
		{86DFA87F-4570-47F6-9C4C-6C21EFB610B7}.Profiling|Win32.ActiveCfg = Distribution|x64
		{86DFA87F-4570-47F6-9C4C-6C21EFB610B7}.Profiling|Win32.Build.0 = Distribution|x64
		{86DFA87F-4570-47F6-9C4C-6C21EFB610B7}.Profiling|x64.ActiveCfg = Distribution|x64
		{86DFA87F-4570-47F6-9C4C-6C21EFB610B7}.Profiling|x64.Build.0 = Distribution|x64
		{3301E1FA-9F23-43C6-A5E1-183204867D44}.Development|ARM.ActiveCfg = Development|x64
		{3301E1FA-9F23-43C6-A5E1-183204867D44}.Development|Mixed Platforms.ActiveCfg = Development|x64
		{3301E1FA-9F23-43C6-A5E1-183204867D44}.Development|Mixed Platforms.Build.0 = Development|x64
		{3301E1FA-9F23-43C6-A5E1-183204867D44}.Development|Win32.ActiveCfg = Development|x64
		{3301E1FA-9F23-43C6-A5E1-183204867D44}.Development|x64.ActiveCfg = Development|x64
		{3301E1FA-9F23-43C6-A5E1-183204867D44}.Distribution|ARM.ActiveCfg = Distribution|x64
		{3301E1FA-9F23-43C6-A5E1-183204867D44}.Distribution|Mixed Platforms.ActiveCfg = Distribution|x64
		{3301E1FA-9F23-43C6-A5E1-183204867D44}.Distribution|Mixed Platforms.Build.0 = Distribution|x64
		{3301E1FA-9F23-43C6-A5E1-183204867D44}.Distribution|Win32.ActiveCfg = Distribution|x64
		{3301E1FA-9F23-43C6-A5E1-183204867D44}.Distribution|x64.ActiveCfg = Distribution|x64
		{3301E1FA-9F23-43C6-A5E1-183204867D44}.Profiling|ARM.ActiveCfg = Distribution|x64
		{3301E1FA-9F23-43C6-A5E1-183204867D44}.Profiling|ARM.Build.0 = Distribution|x64
		{3301E1FA-9F23-43C6-A5E1-183204867D44}.Profiling|Mixed Platforms.ActiveCfg = Distribution|x64
		{3301E1FA-9F23-43C6-A5E1-183204867D44}.Profiling|Mixed Platforms.Build.0 = Distribution|x64
		{3301E1FA-9F23-43C6-A5E1-183204867D44}.Profiling|Win32.ActiveCfg = Distribution|x64
		{3301E1FA-9F23-43C6-A5E1-183204867D44}.Profiling|Win32.Build.0 = Distribution|x64
		{3301E1FA-9F23-43C6-A5E1-183204867D44}.Profiling|x64.ActiveCfg = Distribution|x64
		{AD2E1D66-97F7-4E55-8277-0FAFA8B4CB0F}.Development|ARM.ActiveCfg = Test|x64
		{AD2E1D66-97F7-4E55-8277-0FAFA8B4CB0F}.Development|ARM.Build.0 = Test|x64
		{AD2E1D66-97F7-4E55-8277-0FAFA8B4CB0F}.Development|Mixed Platforms.ActiveCfg = Test|x64
		{AD2E1D66-97F7-4E55-8277-0FAFA8B4CB0F}.Development|Mixed Platforms.Build.0 = Test|x64
		{AD2E1D66-97F7-4E55-8277-0FAFA8B4CB0F}.Development|Win32.ActiveCfg = Test|x64
		{AD2E1D66-97F7-4E55-8277-0FAFA8B4CB0F}.Development|Win32.Build.0 = Test|x64
		{AD2E1D66-97F7-4E55-8277-0FAFA8B4CB0F}.Development|x64.ActiveCfg = Test|x64
		{AD2E1D66-97F7-4E55-8277-0FAFA8B4CB0F}.Development|x64.Build.0 = Test|x64
		{AD2E1D66-97F7-4E55-8277-0FAFA8B4CB0F}.Distribution|ARM.ActiveCfg = Test|x64
		{AD2E1D66-97F7-4E55-8277-0FAFA8B4CB0F}.Distribution|ARM.Build.0 = Test|x64
		{AD2E1D66-97F7-4E55-8277-0FAFA8B4CB0F}.Distribution|Mixed Platforms.ActiveCfg = Test|x64
		{AD2E1D66-97F7-4E55-8277-0FAFA8B4CB0F}.Distribution|Mixed Platforms.Build.0 = Test|x64
		{AD2E1D66-97F7-4E55-8277-0FAFA8B4CB0F}.Distribution|Win32.ActiveCfg = Test|x64
		{AD2E1D66-97F7-4E55-8277-0FAFA8B4CB0F}.Distribution|Win32.Build.0 = Test|x64
		{AD2E1D66-97F7-4E55-8277-0FAFA8B4CB0F}.Distribution|x64.ActiveCfg = Test|x64
		{AD2E1D66-97F7-4E55-8277-0FAFA8B4CB0F}.Profiling|ARM.ActiveCfg = Test|x64
		{AD2E1D66-97F7-4E55-8277-0FAFA8B4CB0F}.Profiling|ARM.Build.0 = Test|x64
		{AD2E1D66-97F7-4E55-8277-0FAFA8B4CB0F}.Profiling|Mixed Platforms.ActiveCfg = Test|x64
		{AD2E1D66-97F7-4E55-8277-0FAFA8B4CB0F}.Profiling|Mixed Platforms.Build.0 = Test|x64
		{AD2E1D66-97F7-4E55-8277-0FAFA8B4CB0F}.Profiling|Win32.ActiveCfg = Test|x64
		{AD2E1D66-97F7-4E55-8277-0FAFA8B4CB0F}.Profiling|Win32.Build.0 = Test|x64
		{AD2E1D66-97F7-4E55-8277-0FAFA8B4CB0F}.Profiling|x64.ActiveCfg = Test|x64
		{AD2E1D66-97F7-4E55-8277-0FAFA8B4CB0F}.Profiling|x64.Build.0 = Test|x64
		{58B3D2C1-0AB1-48CF-8B47-60DC3FC9ADB6}.Development|ARM.ActiveCfg = Development|x64
		{58B3D2C1-0AB1-48CF-8B47-60DC3FC9ADB6}.Development|Mixed Platforms.ActiveCfg = Development|x64
		{58B3D2C1-0AB1-48CF-8B47-60DC3FC9ADB6}.Development|Mixed Platforms.Build.0 = Development|x64
		{58B3D2C1-0AB1-48CF-8B47-60DC3FC9ADB6}.Development|Win32.ActiveCfg = Development|x64
		{58B3D2C1-0AB1-48CF-8B47-60DC3FC9ADB6}.Development|x64.ActiveCfg = Development|x64
		{58B3D2C1-0AB1-48CF-8B47-60DC3FC9ADB6}.Development|x64.Build.0 = Development|x64
		{58B3D2C1-0AB1-48CF-8B47-60DC3FC9ADB6}.Distribution|ARM.ActiveCfg = Distribution|x64
		{58B3D2C1-0AB1-48CF-8B47-60DC3FC9ADB6}.Distribution|Mixed Platforms.ActiveCfg = Distribution|x64
		{58B3D2C1-0AB1-48CF-8B47-60DC3FC9ADB6}.Distribution|Mixed Platforms.Build.0 = Distribution|x64
		{58B3D2C1-0AB1-48CF-8B47-60DC3FC9ADB6}.Distribution|Win32.ActiveCfg = Distribution|x64
		{58B3D2C1-0AB1-48CF-8B47-60DC3FC9ADB6}.Distribution|x64.ActiveCfg = Distribution|x64
		{58B3D2C1-0AB1-48CF-8B47-60DC3FC9ADB6}.Distribution|x64.Build.0 = Distribution|x64
		{58B3D2C1-0AB1-48CF-8B47-60DC3FC9ADB6}.Profiling|ARM.ActiveCfg = Distribution|x64
		{58B3D2C1-0AB1-48CF-8B47-60DC3FC9ADB6}.Profiling|ARM.Build.0 = Distribution|x64
		{58B3D2C1-0AB1-48CF-8B47-60DC3FC9ADB6}.Profiling|Mixed Platforms.ActiveCfg = Distribution|x64
		{58B3D2C1-0AB1-48CF-8B47-60DC3FC9ADB6}.Profiling|Mixed Platforms.Build.0 = Distribution|x64
		{58B3D2C1-0AB1-48CF-8B47-60DC3FC9ADB6}.Profiling|Win32.ActiveCfg = Distribution|x64
		{58B3D2C1-0AB1-48CF-8B47-60DC3FC9ADB6}.Profiling|Win32.Build.0 = Distribution|x64
		{58B3D2C1-0AB1-48CF-8B47-60DC3FC9ADB6}.Profiling|x64.ActiveCfg = Distribution|x64
		{58B3D2C1-0AB1-48CF-8B47-60DC3FC9ADB6}.Profiling|x64.Build.0 = Distribution|x64
	EndGlobalSection
	GlobalSection(SolutionProperties) = preSolution
		HideSolutionNode = FALSE
	EndGlobalSection
EndGlobal
