<?xml version="1.0" encoding="utf-8"?>
<Project ToolsVersion="4.0" xmlns="http://schemas.microsoft.com/developer/msbuild/2003">
  <ItemGroup>
    <Filter Include="include">
      <UniqueIdentifier>{93995380-89BD-4b04-88EB-625FBE52EBFB}</UniqueIdentifier>
      <Extensions>h;hpp;hxx;hm;inl;inc;xsd</Extensions>
    </Filter>
    <Filter Include="source">
      <UniqueIdentifier>{4FC737F1-C7A5-4376-A066-2A32D752A2FF}</UniqueIdentifier>
      <Extensions>cpp;c;cc;cxx;def;odl;idl;hpj;bat;asm;asmx</Extensions>
    </Filter>
    <Filter Include="include\plumbing">
      <UniqueIdentifier>{fc291042-cd2c-4bad-a684-7e5e96610196}</UniqueIdentifier>
    </Filter>
    <Filter Include="source\plumbing">
      <UniqueIdentifier>{1257461d-a961-47af-b332-316f5e7abb71}</UniqueIdentifier>
    </Filter>
  </ItemGroup>
  <ItemGroup>
    <ClCompile Include="..\source\plumbing\vertex_buffer.cpp">
      <Filter>source\plumbing</Filter>
    </ClCompile>
    <ClCompile Include="..\source\plumbing\device.cpp">
      <Filter>source\plumbing</Filter>
    </ClCompile>
    <ClCompile Include="..\source\main.cpp">
      <Filter>source</Filter>
    </ClCompile>
    <ClCompile Include="..\source\scoped_runtime.cpp">
      <Filter>source</Filter>
    </ClCompile>
  </ItemGroup>
  <ItemGroup>
    <ClInclude Include="..\include\shiny\plumbing\hardware_buffer.hpp">
      <Filter>include\plumbing</Filter>
    </ClInclude>
    <ClInclude Include="..\include\shiny\plumbing\vertex_buffer.hpp">
      <Filter>include\plumbing</Filter>
    </ClInclude>
    <ClInclude Include="..\include\shiny\plumbing\device.hpp">
      <Filter>include\plumbing</Filter>
    </ClInclude>
    <ClInclude Include="..\include\shiny\plumbing\lock.hpp">
      <Filter>include\plumbing</Filter>
    </ClInclude>
    <ClInclude Include="..\include\shiny\scoped_runtime.hpp">
      <Filter>include</Filter>
    </ClInclude>
    <ClInclude Include="..\include\shiny\plumbing\command.hpp">
      <Filter>include\plumbing</Filter>
    </ClInclude>
    <ClInclude Include="..\include\shiny\plumbing\prime_thread.hpp">
      <Filter>include\plumbing</Filter>
    </ClInclude>
  </ItemGroup>
</Project>