<?xml version="1.0" encoding="utf-8"?>
<Project ToolsVersion="4.0" xmlns="http://schemas.microsoft.com/developer/msbuild/2003">
  <ItemGroup>
    <Filter Include="include">
      <UniqueIdentifier>{93995380-89BD-4b04-88EB-625FBE52EBFB}</UniqueIdentifier>
      <Extensions>h;hpp;hxx;hm;inl;inc;xsd</Extensions>
    </Filter>
    <Filter Include="source">
      <UniqueIdentifier>{4FC737F1-C7A5-4376-A066-2A32D752A2FF}</UniqueIdentifier>
      <Extensions>cpp;c;cc;cxx;def;odl;idl;hpj;bat;asm;asmx</Extensions>
    </Filter>
    <Filter Include="shaders">
      <UniqueIdentifier>{69726e24-bf27-40cc-88f6-f6f41ad69449}</UniqueIdentifier>
    </Filter>
    <Filter Include="include\dust">
      <UniqueIdentifier>{0765283e-e4b3-488e-9908-c8c02ee3dec1}</UniqueIdentifier>
    </Filter>
    <Filter Include="source\dust">
      <UniqueIdentifier>{37b2a706-0ef2-40d5-a9ab-1b21d9a2e0c6}</UniqueIdentifier>
    </Filter>
    <Filter Include="include\dust\platform">
      <UniqueIdentifier>{4328ccf7-da32-4577-8d54-d83deb61c71f}</UniqueIdentifier>
    </Filter>
    <Filter Include="include\dust\platform\win32">
      <UniqueIdentifier>{d04ba51c-92e4-49af-9871-fa6333127067}</UniqueIdentifier>
    </Filter>
    <Filter Include="source\dust\platform">
      <UniqueIdentifier>{12a41398-3e52-463b-9511-7b7d7694b954}</UniqueIdentifier>
    </Filter>
    <Filter Include="source\dust\platform\win32">
      <UniqueIdentifier>{37dcddbd-688b-4d43-b54b-6a7f2c8fc705}</UniqueIdentifier>
    </Filter>
  </ItemGroup>
  <ItemGroup>
    <ClCompile Include="..\source\main.cpp">
      <Filter>source</Filter>
    </ClCompile>
    <ClCompile Include="..\source\dust\platform\win32\runtime.cpp">
      <Filter>source\dust\platform\win32</Filter>
    </ClCompile>
    <ClCompile Include="..\source\dust\platform\win32\output.cpp">
      <Filter>source\dust\platform\win32</Filter>
    </ClCompile>
    <ClCompile Include="..\source\dust\platform\win32\context.cpp">
      <Filter>source\dust\platform\win32</Filter>
    </ClCompile>
    <ClCompile Include="..\source\dust\platform\win32\vertex_buffer.cpp">
      <Filter>source\dust\platform\win32</Filter>
    </ClCompile>
    <ClCompile Include="..\source\dust\platform\win32\vertex_declaration.cpp">
      <Filter>source\dust\platform\win32</Filter>
    </ClCompile>
    <ClCompile Include="..\source\dust\platform\win32\vertex_shader.cpp">
      <Filter>source\dust\platform\win32</Filter>
    </ClCompile>
    <ClCompile Include="..\source\dust\platform\win32\pixel_shader.cpp">
      <Filter>source\dust\platform\win32</Filter>
    </ClCompile>
    <ClCompile Include="..\source\dust\platform\win32\constant_buffer.cpp">
      <Filter>source\dust\platform\win32</Filter>
    </ClCompile>
    <ClCompile Include="..\source\dust\platform\win32\index_buffer.cpp">
      <Filter>source\dust\platform\win32</Filter>
    </ClCompile>
    <ClCompile Include="..\source\dust\camera.cpp">
      <Filter>source\dust</Filter>
    </ClCompile>
    <ClCompile Include="..\source\dust\scene.cpp">
      <Filter>source\dust</Filter>
    </ClCompile>
    <ClCompile Include="..\source\dust\platform\win32\textxure2d.cpp">
      <Filter>source\dust\platform\win32</Filter>
    </ClCompile>
  </ItemGroup>
  <ItemGroup>
    <ClInclude Include="..\include\dust\context.hpp">
      <Filter>include\dust</Filter>
    </ClInclude>
    <ClInclude Include="..\include\dust\lock.hpp">
      <Filter>include\dust</Filter>
    </ClInclude>
    <ClInclude Include="..\include\dust\vertex_buffer.hpp">
      <Filter>include\dust</Filter>
    </ClInclude>
    <ClInclude Include="..\include\dust\vertex_declaration.hpp">
      <Filter>include\dust</Filter>
    </ClInclude>
    <ClInclude Include="..\include\dust\output.hpp">
      <Filter>include\dust</Filter>
    </ClInclude>
    <ClInclude Include="..\include\dust\platform\win32\output.hpp">
      <Filter>include\dust\platform\win32</Filter>
    </ClInclude>
    <ClInclude Include="..\include\dust\platform\win32\dxgi_fwd.hpp">
      <Filter>include\dust\platform\win32</Filter>
    </ClInclude>
    <ClInclude Include="..\include\dust\platform\win32\d3d_fwd.hpp">
      <Filter>include\dust\platform\win32</Filter>
    </ClInclude>
    <ClInclude Include="..\include\dust\runtime.hpp">
      <Filter>include\dust</Filter>
    </ClInclude>
    <ClInclude Include="..\include\dust\platform\win32\runtime.hpp">
      <Filter>include\dust\platform\win32</Filter>
    </ClInclude>
    <ClInclude Include="..\include\dust\platform\win32\context.hpp">
      <Filter>include\dust\platform\win32</Filter>
    </ClInclude>
    <ClInclude Include="..\include\dust\platform\win32\adapter.hpp">
      <Filter>include\dust\platform\win32</Filter>
    </ClInclude>
    <ClInclude Include="..\include\dust\adapter.hpp">
      <Filter>include\dust</Filter>
    </ClInclude>
    <ClInclude Include="..\include\dust\vertex_shader.hpp">
      <Filter>include\dust</Filter>
    </ClInclude>
    <ClInclude Include="..\include\dust\platform\win32\vertex_shader.hpp">
      <Filter>include\dust\platform\win32</Filter>
    </ClInclude>
    <ClInclude Include="..\include\dust\platform\win32\pixel_shader.hpp">
      <Filter>include\dust\platform\win32</Filter>
    </ClInclude>
    <ClInclude Include="..\include\dust\pixel_shader.hpp">
      <Filter>include\dust</Filter>
    </ClInclude>
    <ClInclude Include="..\include\dust\dust_fwd.hpp">
      <Filter>include\dust</Filter>
    </ClInclude>
    <ClInclude Include="..\include\dust\platform\win32\vertex_buffer.hpp">
      <Filter>include\dust\platform\win32</Filter>
    </ClInclude>
    <ClInclude Include="..\include\dust\constant_buffer.hpp">
      <Filter>include\dust</Filter>
    </ClInclude>
    <ClInclude Include="..\include\dust\platform\win32\constant_buffer.hpp">
      <Filter>include\dust\platform\win32</Filter>
    </ClInclude>
    <ClInclude Include="..\include\dust\platform\win32\index_buffer.hpp">
      <Filter>include\dust\platform\win32</Filter>
    </ClInclude>
    <ClInclude Include="..\include\dust\index_buffer.hpp">
      <Filter>include\dust</Filter>
    </ClInclude>
    <ClInclude Include="..\include\dust\camera.hpp">
      <Filter>include\dust</Filter>
    </ClInclude>
    <ClInclude Include="..\include\dust\scene.hpp">
      <Filter>include\dust</Filter>
    </ClInclude>
    <ClInclude Include="..\include\dust\platform\win32\texture2d.hpp">
      <Filter>include\dust\platform\win32</Filter>
    </ClInclude>
    <ClInclude Include="..\include\dust\surface_format.hpp">
      <Filter>include\dust</Filter>
    </ClInclude>
  </ItemGroup>
  <ItemGroup>
    <FxCompile Include="..\shaders\vs_basic.hlsl">
      <Filter>shaders</Filter>
    </FxCompile>
    <FxCompile Include="..\shaders\ps_basic.hlsl">
      <Filter>shaders</Filter>
    </FxCompile>
  </ItemGroup>
</Project>